// !$*UTF8*$!
{
	archiveVersion = 1;
	classes = {
	};
	objectVersion = 46;
	objects = {

/* Begin PBXBuildFile section */
		A95D6DCF15C0162400EBB055 /* UIKit.framework in Frameworks */ = {isa = PBXBuildFile; fileRef = A95D6DCE15C0162400EBB055 /* UIKit.framework */; };
		A95D6DD115C0162400EBB055 /* Foundation.framework in Frameworks */ = {isa = PBXBuildFile; fileRef = A95D6DD015C0162400EBB055 /* Foundation.framework */; };
		A95D6DD315C0162400EBB055 /* CoreGraphics.framework in Frameworks */ = {isa = PBXBuildFile; fileRef = A95D6DD215C0162400EBB055 /* CoreGraphics.framework */; };
		A95D6DD915C0162500EBB055 /* InfoPlist.strings in Resources */ = {isa = PBXBuildFile; fileRef = A95D6DD715C0162500EBB055 /* InfoPlist.strings */; };
		A95D6DDB15C0162500EBB055 /* main.m in Sources */ = {isa = PBXBuildFile; fileRef = A95D6DDA15C0162500EBB055 /* main.m */; };
		A95D6DDF15C0162500EBB055 /* AppDelegate.m in Sources */ = {isa = PBXBuildFile; fileRef = A95D6DDE15C0162500EBB055 /* AppDelegate.m */; };
		A95D6DE215C0162500EBB055 /* ViewController.m in Sources */ = {isa = PBXBuildFile; fileRef = A95D6DE115C0162500EBB055 /* ViewController.m */; };
		A95D6DE515C0162500EBB055 /* ViewController.xib in Resources */ = {isa = PBXBuildFile; fileRef = A95D6DE315C0162500EBB055 /* ViewController.xib */; };
		A95D6DED15C0165800EBB055 /* RuledScrollView.m in Sources */ = {isa = PBXBuildFile; fileRef = A95D6DEC15C0165800EBB055 /* RuledScrollView.m */; };
		A95D6DFC15C01BBD00EBB055 /* RuledTextview.m in Sources */ = {isa = PBXBuildFile; fileRef = A95D6DFB15C01BBD00EBB055 /* RuledTextview.m */; };
		A95D6DFE15C01BD800EBB055 /* QuartzCore.framework in Frameworks */ = {isa = PBXBuildFile; fileRef = A95D6DFD15C01BD800EBB055 /* QuartzCore.framework */; };
/* End PBXBuildFile section */

/* Begin PBXFileReference section */
		A95D6DCA15C0162400EBB055 /* RuledPaper.app */ = {isa = PBXFileReference; explicitFileType = wrapper.application; includeInIndex = 0; path = RuledPaper.app; sourceTree = BUILT_PRODUCTS_DIR; };
		A95D6DCE15C0162400EBB055 /* UIKit.framework */ = {isa = PBXFileReference; lastKnownFileType = wrapper.framework; name = UIKit.framework; path = System/Library/Frameworks/UIKit.framework; sourceTree = SDKROOT; };
		A95D6DD015C0162400EBB055 /* Foundation.framework */ = {isa = PBXFileReference; lastKnownFileType = wrapper.framework; name = Foundation.framework; path = System/Library/Frameworks/Foundation.framework; sourceTree = SDKROOT; };
		A95D6DD215C0162400EBB055 /* CoreGraphics.framework */ = {isa = PBXFileReference; lastKnownFileType = wrapper.framework; name = CoreGraphics.framework; path = System/Library/Frameworks/CoreGraphics.framework; sourceTree = SDKROOT; };
		A95D6DD615C0162500EBB055 /* RuledPaper-Info.plist */ = {isa = PBXFileReference; lastKnownFileType = text.plist.xml; path = "RuledPaper-Info.plist"; sourceTree = "<group>"; };
		A95D6DD815C0162500EBB055 /* en */ = {isa = PBXFileReference; lastKnownFileType = text.plist.strings; name = en; path = en.lproj/InfoPlist.strings; sourceTree = "<group>"; };
		A95D6DDA15C0162500EBB055 /* main.m */ = {isa = PBXFileReference; lastKnownFileType = sourcecode.c.objc; path = main.m; sourceTree = "<group>"; };
		A95D6DDC15C0162500EBB055 /* RuledPaper-Prefix.pch */ = {isa = PBXFileReference; lastKnownFileType = sourcecode.c.h; path = "RuledPaper-Prefix.pch"; sourceTree = "<group>"; };
		A95D6DDD15C0162500EBB055 /* AppDelegate.h */ = {isa = PBXFileReference; lastKnownFileType = sourcecode.c.h; path = AppDelegate.h; sourceTree = "<group>"; };
		A95D6DDE15C0162500EBB055 /* AppDelegate.m */ = {isa = PBXFileReference; lastKnownFileType = sourcecode.c.objc; path = AppDelegate.m; sourceTree = "<group>"; };
		A95D6DE015C0162500EBB055 /* ViewController.h */ = {isa = PBXFileReference; lastKnownFileType = sourcecode.c.h; path = ViewController.h; sourceTree = "<group>"; };
		A95D6DE115C0162500EBB055 /* ViewController.m */ = {isa = PBXFileReference; lastKnownFileType = sourcecode.c.objc; path = ViewController.m; sourceTree = "<group>"; };
		A95D6DE415C0162500EBB055 /* en */ = {isa = PBXFileReference; lastKnownFileType = file.xib; name = en; path = en.lproj/ViewController.xib; sourceTree = "<group>"; };
		A95D6DEB15C0165800EBB055 /* RuledScrollView.h */ = {isa = PBXFileReference; fileEncoding = 4; lastKnownFileType = sourcecode.c.h; path = RuledScrollView.h; sourceTree = "<group>"; };
		A95D6DEC15C0165800EBB055 /* RuledScrollView.m */ = {isa = PBXFileReference; fileEncoding = 4; lastKnownFileType = sourcecode.c.objc; path = RuledScrollView.m; sourceTree = "<group>"; };
		A95D6DFA15C01BBD00EBB055 /* RuledTextview.h */ = {isa = PBXFileReference; fileEncoding = 4; lastKnownFileType = sourcecode.c.h; path = RuledTextview.h; sourceTree = "<group>"; };
		A95D6DFB15C01BBD00EBB055 /* RuledTextview.m */ = {isa = PBXFileReference; fileEncoding = 4; lastKnownFileType = sourcecode.c.objc; path = RuledTextview.m; sourceTree = "<group>"; };
		A95D6DFD15C01BD800EBB055 /* QuartzCore.framework */ = {isa = PBXFileReference; lastKnownFileType = wrapper.framework; name = QuartzCore.framework; path = System/Library/Frameworks/QuartzCore.framework; sourceTree = SDKROOT; };
/* End PBXFileReference section */

/* Begin PBXFrameworksBuildPhase section */
		A95D6DC715C0162400EBB055 /* Frameworks */ = {
			isa = PBXFrameworksBuildPhase;
			buildActionMask = 2147483647;
			files = (
				A95D6DFE15C01BD800EBB055 /* QuartzCore.framework in Frameworks */,
				A95D6DCF15C0162400EBB055 /* UIKit.framework in Frameworks */,
				A95D6DD115C0162400EBB055 /* Foundation.framework in Frameworks */,
				A95D6DD315C0162400EBB055 /* CoreGraphics.framework in Frameworks */,
			);
			runOnlyForDeploymentPostprocessing = 0;
		};
/* End PBXFrameworksBuildPhase section */

/* Begin PBXGroup section */
		A95D6DBF15C0162400EBB055 = {
			isa = PBXGroup;
			children = (
				A95D6DEB15C0165800EBB055 /* RuledScrollView.h */,
				A95D6DEC15C0165800EBB055 /* RuledScrollView.m */,
				A95D6DFA15C01BBD00EBB055 /* RuledTextview.h */,
				A95D6DFB15C01BBD00EBB055 /* RuledTextview.m */,
				A95D6DD415C0162500EBB055 /* RuledPaper */,
				A95D6DCD15C0162400EBB055 /* Frameworks */,
				A95D6DCB15C0162400EBB055 /* Products */,
			);
			sourceTree = "<group>";
		};
		A95D6DCB15C0162400EBB055 /* Products */ = {
			isa = PBXGroup;
			children = (
				A95D6DCA15C0162400EBB055 /* RuledPaper.app */,
			);
			name = Products;
			sourceTree = "<group>";
		};
		A95D6DCD15C0162400EBB055 /* Frameworks */ = {
			isa = PBXGroup;
			children = (
				A95D6DFD15C01BD800EBB055 /* QuartzCore.framework */,
				A95D6DCE15C0162400EBB055 /* UIKit.framework */,
				A95D6DD015C0162400EBB055 /* Foundation.framework */,
				A95D6DD215C0162400EBB055 /* CoreGraphics.framework */,
			);
			name = Frameworks;
			sourceTree = "<group>";
		};
		A95D6DD415C0162500EBB055 /* RuledPaper */ = {
			isa = PBXGroup;
			children = (
				A95D6DDD15C0162500EBB055 /* AppDelegate.h */,
				A95D6DDE15C0162500EBB055 /* AppDelegate.m */,
				A95D6DE015C0162500EBB055 /* ViewController.h */,
				A95D6DE115C0162500EBB055 /* ViewController.m */,
				A95D6DE315C0162500EBB055 /* ViewController.xib */,
				A95D6DD515C0162500EBB055 /* Supporting Files */,
			);
			path = RuledPaper;
			sourceTree = "<group>";
		};
		A95D6DD515C0162500EBB055 /* Supporting Files */ = {
			isa = PBXGroup;
			children = (
				A95D6DD615C0162500EBB055 /* RuledPaper-Info.plist */,
				A95D6DD715C0162500EBB055 /* InfoPlist.strings */,
				A95D6DDA15C0162500EBB055 /* main.m */,
				A95D6DDC15C0162500EBB055 /* RuledPaper-Prefix.pch */,
			);
			name = "Supporting Files";
			sourceTree = "<group>";
		};
/* End PBXGroup section */

/* Begin PBXNativeTarget section */
		A95D6DC915C0162400EBB055 /* RuledPaper */ = {
			isa = PBXNativeTarget;
			buildConfigurationList = A95D6DE815C0162500EBB055 /* Build configuration list for PBXNativeTarget "RuledPaper" */;
			buildPhases = (
				A95D6DC615C0162400EBB055 /* Sources */,
				A95D6DC715C0162400EBB055 /* Frameworks */,
				A95D6DC815C0162400EBB055 /* Resources */,
			);
			buildRules = (
			);
			dependencies = (
			);
			name = RuledPaper;
			productName = RuledPaper;
			productReference = A95D6DCA15C0162400EBB055 /* RuledPaper.app */;
			productType = "com.apple.product-type.application";
		};
/* End PBXNativeTarget section */

/* Begin PBXProject section */
		A95D6DC115C0162400EBB055 /* Project object */ = {
			isa = PBXProject;
			attributes = {
				LastUpgradeCheck = 0430;
			};
			buildConfigurationList = A95D6DC415C0162400EBB055 /* Build configuration list for PBXProject "RuledPaper" */;
			compatibilityVersion = "Xcode 3.2";
			developmentRegion = English;
			hasScannedForEncodings = 0;
			knownRegions = (
				en,
			);
			mainGroup = A95D6DBF15C0162400EBB055;
			productRefGroup = A95D6DCB15C0162400EBB055 /* Products */;
			projectDirPath = "";
			projectRoot = "";
			targets = (
				A95D6DC915C0162400EBB055 /* RuledPaper */,
			);
		};
/* End PBXProject section */

/* Begin PBXResourcesBuildPhase section */
		A95D6DC815C0162400EBB055 /* Resources */ = {
			isa = PBXResourcesBuildPhase;
			buildActionMask = 2147483647;
			files = (
				A95D6DD915C0162500EBB055 /* InfoPlist.strings in Resources */,
				A95D6DE515C0162500EBB055 /* ViewController.xib in Resources */,
			);
			runOnlyForDeploymentPostprocessing = 0;
		};
/* End PBXResourcesBuildPhase section */

/* Begin PBXSourcesBuildPhase section */
		A95D6DC615C0162400EBB055 /* Sources */ = {
			isa = PBXSourcesBuildPhase;
			buildActionMask = 2147483647;
			files = (
				A95D6DDB15C0162500EBB055 /* main.m in Sources */,
				A95D6DDF15C0162500EBB055 /* AppDelegate.m in Sources */,
				A95D6DE215C0162500EBB055 /* ViewController.m in Sources */,
				A95D6DED15C0165800EBB055 /* RuledScrollView.m in Sources */,
				A95D6DFC15C01BBD00EBB055 /* RuledTextview.m in Sources */,
			);
			runOnlyForDeploymentPostprocessing = 0;
		};
/* End PBXSourcesBuildPhase section */

/* Begin PBXVariantGroup section */
		A95D6DD715C0162500EBB055 /* InfoPlist.strings */ = {
			isa = PBXVariantGroup;
			children = (
				A95D6DD815C0162500EBB055 /* en */,
			);
			name = InfoPlist.strings;
			sourceTree = "<group>";
		};
		A95D6DE315C0162500EBB055 /* ViewController.xib */ = {
			isa = PBXVariantGroup;
			children = (
				A95D6DE415C0162500EBB055 /* en */,
			);
			name = ViewController.xib;
			sourceTree = "<group>";
		};
/* End PBXVariantGroup section */

/* Begin XCBuildConfiguration section */
		A95D6DE615C0162500EBB055 /* Debug */ = {
			isa = XCBuildConfiguration;
			buildSettings = {
				ALWAYS_SEARCH_USER_PATHS = NO;
				ARCHS = "$(ARCHS_STANDARD_32_BIT)";
				CLANG_ENABLE_OBJC_ARC = YES;
				"CODE_SIGN_IDENTITY[sdk=iphoneos*]" = "iPhone Developer";
				COPY_PHASE_STRIP = NO;
				GCC_C_LANGUAGE_STANDARD = gnu99;
				GCC_DYNAMIC_NO_PIC = NO;
				GCC_OPTIMIZATION_LEVEL = 0;
				GCC_PREPROCESSOR_DEFINITIONS = (
					"DEBUG=1",
					"$(inherited)",
				);
				GCC_SYMBOLS_PRIVATE_EXTERN = NO;
				GCC_VERSION = com.apple.compilers.llvm.clang.1_0;
				GCC_WARN_ABOUT_RETURN_TYPE = YES;
				GCC_WARN_UNINITIALIZED_AUTOS = YES;
				GCC_WARN_UNUSED_VARIABLE = YES;
				IPHONEOS_DEPLOYMENT_TARGET = 5.1;
				SDKROOT = iphoneos;
			};
			name = Debug;
		};
		A95D6DE715C0162500EBB055 /* Release */ = {
			isa = XCBuildConfiguration;
			buildSettings = {
				ALWAYS_SEARCH_USER_PATHS = NO;
				ARCHS = "$(ARCHS_STANDARD_32_BIT)";
				CLANG_ENABLE_OBJC_ARC = YES;
				"CODE_SIGN_IDENTITY[sdk=iphoneos*]" = "iPhone Developer";
				COPY_PHASE_STRIP = YES;
				GCC_C_LANGUAGE_STANDARD = gnu99;
				GCC_VERSION = com.apple.compilers.llvm.clang.1_0;
				GCC_WARN_ABOUT_RETURN_TYPE = YES;
				GCC_WARN_UNINITIALIZED_AUTOS = YES;
				GCC_WARN_UNUSED_VARIABLE = YES;
				IPHONEOS_DEPLOYMENT_TARGET = 5.1;
				OTHER_CFLAGS = "-DNS_BLOCK_ASSERTIONS=1";
				SDKROOT = iphoneos;
				VALIDATE_PRODUCT = YES;
			};
			name = Release;
		};
		A95D6DE915C0162500EBB055 /* Debug */ = {
			isa = XCBuildConfiguration;
			buildSettings = {
				GCC_PRECOMPILE_PREFIX_HEADER = YES;
				GCC_PREFIX_HEADER = "RuledPaper/RuledPaper-Prefix.pch";
				INFOPLIST_FILE = "RuledPaper/RuledPaper-Info.plist";
				PRODUCT_NAME = "$(TARGET_NAME)";
				WRAPPER_EXTENSION = app;
			};
			name = Debug;
		};
		A95D6DEA15C0162500EBB055 /* Release */ = {
			isa = XCBuildConfiguration;
			buildSettings = {
				GCC_PRECOMPILE_PREFIX_HEADER = YES;
				GCC_PREFIX_HEADER = "RuledPaper/RuledPaper-Prefix.pch";
				INFOPLIST_FILE = "RuledPaper/RuledPaper-Info.plist";
				PRODUCT_NAME = "$(TARGET_NAME)";
				WRAPPER_EXTENSION = app;
			};
			name = Release;
		};
/* End XCBuildConfiguration section */

/* Begin XCConfigurationList section */
		A95D6DC415C0162400EBB055 /* Build configuration list for PBXProject "RuledPaper" */ = {
			isa = XCConfigurationList;
			buildConfigurations = (
				A95D6DE615C0162500EBB055 /* Debug */,
				A95D6DE715C0162500EBB055 /* Release */,
			);
			defaultConfigurationIsVisible = 0;
			defaultConfigurationName = Release;
		};
		A95D6DE815C0162500EBB055 /* Build configuration list for PBXNativeTarget "RuledPaper" */ = {
			isa = XCConfigurationList;
			buildConfigurations = (
				A95D6DE915C0162500EBB055 /* Debug */,
				A95D6DEA15C0162500EBB055 /* Release */,
			);
			defaultConfigurationIsVisible = 0;
		};
/* End XCConfigurationList section */
	};
	rootObject = A95D6DC115C0162400EBB055 /* Project object */;
}
